
Microsoft Visual Studio Solution File, Format Version 12.00
# Visual Studio 15
VisualStudioVersion = 15.0.26730.15
MinimumVisualStudioVersion = 10.0.40219.1
Project("{9A19103F-16F7-4668-BE54-9A1E7A4F7556}") = "Tempus.Utils.AspNetCore", "Tempus.Utils.AspNetCore\Tempus.Utils.AspNetCore.csproj", "{7E07CF9A-3942-475F-AF54-DC8453C1F013}"
EndProject
Project("{9A19103F-16F7-4668-BE54-9A1E7A4F7556}") = "Tempus.Utils", "Tempus.Utils\Tempus.Utils.csproj", "{A7E112CC-68CE-4736-8DDD-7CF106A5E6D2}"
EndProject
Project("{9A19103F-16F7-4668-BE54-9A1E7A4F7556}") = "Tempus.Utils.EntityFrameworkCore", "Tempus.Utils.EntityFrameworkCore\Tempus.Utils.EntityFrameworkCore.csproj", "{0F656E2B-75C2-4DE5-A61A-2C9DFCF48DEA}"
EndProject
Project("{9A19103F-16F7-4668-BE54-9A1E7A4F7556}") = "Tempus.Utils.FluentValidation", "Tempus.Utils.FluentValidation\Tempus.Utils.FluentValidation.csproj", "{69CDAFD0-CD8B-484D-B501-4FE0B9DF15ED}"
EndProject
Global
	GlobalSection(SolutionConfigurationPlatforms) = preSolution
		Debug|Any CPU = Debug|Any CPU
		Release|Any CPU = Release|Any CPU
	EndGlobalSection
	GlobalSection(ProjectConfigurationPlatforms) = postSolution
		{7E07CF9A-3942-475F-AF54-DC8453C1F013}.Debug|Any CPU.ActiveCfg = Debug|Any CPU
		{7E07CF9A-3942-475F-AF54-DC8453C1F013}.Debug|Any CPU.Build.0 = Debug|Any CPU
		{7E07CF9A-3942-475F-AF54-DC8453C1F013}.Release|Any CPU.ActiveCfg = Release|Any CPU
		{7E07CF9A-3942-475F-AF54-DC8453C1F013}.Release|Any CPU.Build.0 = Release|Any CPU
		{A7E112CC-68CE-4736-8DDD-7CF106A5E6D2}.Debug|Any CPU.ActiveCfg = Debug|Any CPU
		{A7E112CC-68CE-4736-8DDD-7CF106A5E6D2}.Debug|Any CPU.Build.0 = Debug|Any CPU
		{A7E112CC-68CE-4736-8DDD-7CF106A5E6D2}.Release|Any CPU.ActiveCfg = Release|Any CPU
		{A7E112CC-68CE-4736-8DDD-7CF106A5E6D2}.Release|Any CPU.Build.0 = Release|Any CPU
		{0F656E2B-75C2-4DE5-A61A-2C9DFCF48DEA}.Debug|Any CPU.ActiveCfg = Debug|Any CPU
		{0F656E2B-75C2-4DE5-A61A-2C9DFCF48DEA}.Debug|Any CPU.Build.0 = Debug|Any CPU
		{0F656E2B-75C2-4DE5-A61A-2C9DFCF48DEA}.Release|Any CPU.ActiveCfg = Release|Any CPU
		{0F656E2B-75C2-4DE5-A61A-2C9DFCF48DEA}.Release|Any CPU.Build.0 = Release|Any CPU
		{69CDAFD0-CD8B-484D-B501-4FE0B9DF15ED}.Debug|Any CPU.ActiveCfg = Debug|Any CPU
		{69CDAFD0-CD8B-484D-B501-4FE0B9DF15ED}.Debug|Any CPU.Build.0 = Debug|Any CPU
		{69CDAFD0-CD8B-484D-B501-4FE0B9DF15ED}.Release|Any CPU.ActiveCfg = Release|Any CPU
		{69CDAFD0-CD8B-484D-B501-4FE0B9DF15ED}.Release|Any CPU.Build.0 = Release|Any CPU
	EndGlobalSection
	GlobalSection(SolutionProperties) = preSolution
		HideSolutionNode = FALSE
	EndGlobalSection
	GlobalSection(ExtensibilityGlobals) = postSolution
		SolutionGuid = {C335EC54-588E-4ADA-8F04-CCC4C1AE7974}
	EndGlobalSection
EndGlobal
